
Microsoft Visual Studio Solution File, Format Version 12.00
# Visual Studio 15
VisualStudioVersion = 15.0.27703.2035
MinimumVisualStudioVersion = 10.0.40219.1
Project("{FAE04EC0-301F-11D3-BF4B-00C04F79EFBC}") = "hippo", "hippo\hippo.csproj", "{5592B9AC-0B0C-4303-AEE2-4F0B42EE780A}"
EndProject
Global
	GlobalSection(SolutionConfigurationPlatforms) = preSolution
		Debug|Any CPU = Debug|Any CPU
		Release|Any CPU = Release|Any CPU
	EndGlobalSection
	GlobalSection(ProjectConfigurationPlatforms) = postSolution
		{5592B9AC-0B0C-4303-AEE2-4F0B42EE780A}.Debug|Any CPU.ActiveCfg = Debug|Any CPU
		{5592B9AC-0B0C-4303-AEE2-4F0B42EE780A}.Debug|Any CPU.Build.0 = Debug|Any CPU
		{5592B9AC-0B0C-4303-AEE2-4F0B42EE780A}.Release|Any CPU.ActiveCfg = Release|Any CPU
		{5592B9AC-0B0C-4303-AEE2-4F0B42EE780A}.Release|Any CPU.Build.0 = Release|Any CPU
	EndGlobalSection
	GlobalSection(SolutionProperties) = preSolution
		HideSolutionNode = FALSE
	EndGlobalSection
	GlobalSection(ExtensibilityGlobals) = postSolution
		SolutionGuid = {13BA7D12-B5C1-4F70-8D0F-B23C8D1A699F}
	EndGlobalSection
EndGlobal
